
Microsoft Visual Studio Solution File, Format Version 12.00
# Visual Studio 15
VisualStudioVersion = 15.0.26124.0
MinimumVisualStudioVersion = 15.0.26124.0
Project("{FAE04EC0-301F-11D3-BF4B-00C04F79EFBC}") = "WebAPI", "WebAPI\WebAPI.csproj", "{961307BB-E78A-440B-8692-F658C34F4F43}"
EndProject
Project("{FAE04EC0-301F-11D3-BF4B-00C04F79EFBC}") = "Models", "Models\Models.csproj", "{1A0D4539-DE56-41F3-8428-557895B464BC}"
EndProject
Project("{FAE04EC0-301F-11D3-BF4B-00C04F79EFBC}") = "Repositories", "Repositories\Repositories.csproj", "{877D841E-ADA2-4F0B-B515-08323B8EB481}"
EndProject
Project("{FAE04EC0-301F-11D3-BF4B-00C04F79EFBC}") = "Dtos", "Dtos\Dtos.csproj", "{43C12FE1-7878-43D3-904B-12CBEFD58026}"
EndProject
Project("{FAE04EC0-301F-11D3-BF4B-00C04F79EFBC}") = "Utilities", "Utilities\Utilities.csproj", "{40A910CA-A22D-4525-9222-F99E5D01CDAA}"
EndProject
Project("{FAE04EC0-301F-11D3-BF4B-00C04F79EFBC}") = "Services", "Services\Services.csproj", "{BD44079B-3505-4763-9227-2095E3F47DA0}"
EndProject
Global
	GlobalSection(SolutionConfigurationPlatforms) = preSolution
		Debug|Any CPU = Debug|Any CPU
		Debug|x64 = Debug|x64
		Debug|x86 = Debug|x86
		Release|Any CPU = Release|Any CPU
		Release|x64 = Release|x64
		Release|x86 = Release|x86
	EndGlobalSection
	GlobalSection(SolutionProperties) = preSolution
		HideSolutionNode = FALSE
	EndGlobalSection
	GlobalSection(ProjectConfigurationPlatforms) = postSolution
		{961307BB-E78A-440B-8692-F658C34F4F43}.Debug|Any CPU.ActiveCfg = Debug|Any CPU
		{961307BB-E78A-440B-8692-F658C34F4F43}.Debug|Any CPU.Build.0 = Debug|Any CPU
		{961307BB-E78A-440B-8692-F658C34F4F43}.Debug|x64.ActiveCfg = Debug|Any CPU
		{961307BB-E78A-440B-8692-F658C34F4F43}.Debug|x64.Build.0 = Debug|Any CPU
		{961307BB-E78A-440B-8692-F658C34F4F43}.Debug|x86.ActiveCfg = Debug|Any CPU
		{961307BB-E78A-440B-8692-F658C34F4F43}.Debug|x86.Build.0 = Debug|Any CPU
		{961307BB-E78A-440B-8692-F658C34F4F43}.Release|Any CPU.ActiveCfg = Release|Any CPU
		{961307BB-E78A-440B-8692-F658C34F4F43}.Release|Any CPU.Build.0 = Release|Any CPU
		{961307BB-E78A-440B-8692-F658C34F4F43}.Release|x64.ActiveCfg = Release|Any CPU
		{961307BB-E78A-440B-8692-F658C34F4F43}.Release|x64.Build.0 = Release|Any CPU
		{961307BB-E78A-440B-8692-F658C34F4F43}.Release|x86.ActiveCfg = Release|Any CPU
		{961307BB-E78A-440B-8692-F658C34F4F43}.Release|x86.Build.0 = Release|Any CPU
		{1A0D4539-DE56-41F3-8428-557895B464BC}.Debug|Any CPU.ActiveCfg = Debug|Any CPU
		{1A0D4539-DE56-41F3-8428-557895B464BC}.Debug|Any CPU.Build.0 = Debug|Any CPU
		{1A0D4539-DE56-41F3-8428-557895B464BC}.Debug|x64.ActiveCfg = Debug|Any CPU
		{1A0D4539-DE56-41F3-8428-557895B464BC}.Debug|x64.Build.0 = Debug|Any CPU
		{1A0D4539-DE56-41F3-8428-557895B464BC}.Debug|x86.ActiveCfg = Debug|Any CPU
		{1A0D4539-DE56-41F3-8428-557895B464BC}.Debug|x86.Build.0 = Debug|Any CPU
		{1A0D4539-DE56-41F3-8428-557895B464BC}.Release|Any CPU.ActiveCfg = Release|Any CPU
		{1A0D4539-DE56-41F3-8428-557895B464BC}.Release|Any CPU.Build.0 = Release|Any CPU
		{1A0D4539-DE56-41F3-8428-557895B464BC}.Release|x64.ActiveCfg = Release|Any CPU
		{1A0D4539-DE56-41F3-8428-557895B464BC}.Release|x64.Build.0 = Release|Any CPU
		{1A0D4539-DE56-41F3-8428-557895B464BC}.Release|x86.ActiveCfg = Release|Any CPU
		{1A0D4539-DE56-41F3-8428-557895B464BC}.Release|x86.Build.0 = Release|Any CPU
		{877D841E-ADA2-4F0B-B515-08323B8EB481}.Debug|Any CPU.ActiveCfg = Debug|Any CPU
		{877D841E-ADA2-4F0B-B515-08323B8EB481}.Debug|Any CPU.Build.0 = Debug|Any CPU
		{877D841E-ADA2-4F0B-B515-08323B8EB481}.Debug|x64.ActiveCfg = Debug|Any CPU
		{877D841E-ADA2-4F0B-B515-08323B8EB481}.Debug|x64.Build.0 = Debug|Any CPU
		{877D841E-ADA2-4F0B-B515-08323B8EB481}.Debug|x86.ActiveCfg = Debug|Any CPU
		{877D841E-ADA2-4F0B-B515-08323B8EB481}.Debug|x86.Build.0 = Debug|Any CPU
		{877D841E-ADA2-4F0B-B515-08323B8EB481}.Release|Any CPU.ActiveCfg = Release|Any CPU
		{877D841E-ADA2-4F0B-B515-08323B8EB481}.Release|Any CPU.Build.0 = Release|Any CPU
		{877D841E-ADA2-4F0B-B515-08323B8EB481}.Release|x64.ActiveCfg = Release|Any CPU
		{877D841E-ADA2-4F0B-B515-08323B8EB481}.Release|x64.Build.0 = Release|Any CPU
		{877D841E-ADA2-4F0B-B515-08323B8EB481}.Release|x86.ActiveCfg = Release|Any CPU
		{877D841E-ADA2-4F0B-B515-08323B8EB481}.Release|x86.Build.0 = Release|Any CPU
		{43C12FE1-7878-43D3-904B-12CBEFD58026}.Debug|Any CPU.ActiveCfg = Debug|Any CPU
		{43C12FE1-7878-43D3-904B-12CBEFD58026}.Debug|Any CPU.Build.0 = Debug|Any CPU
		{43C12FE1-7878-43D3-904B-12CBEFD58026}.Debug|x64.ActiveCfg = Debug|Any CPU
		{43C12FE1-7878-43D3-904B-12CBEFD58026}.Debug|x64.Build.0 = Debug|Any CPU
		{43C12FE1-7878-43D3-904B-12CBEFD58026}.Debug|x86.ActiveCfg = Debug|Any CPU
		{43C12FE1-7878-43D3-904B-12CBEFD58026}.Debug|x86.Build.0 = Debug|Any CPU
		{43C12FE1-7878-43D3-904B-12CBEFD58026}.Release|Any CPU.ActiveCfg = Release|Any CPU
		{43C12FE1-7878-43D3-904B-12CBEFD58026}.Release|Any CPU.Build.0 = Release|Any CPU
		{43C12FE1-7878-43D3-904B-12CBEFD58026}.Release|x64.ActiveCfg = Release|Any CPU
		{43C12FE1-7878-43D3-904B-12CBEFD58026}.Release|x64.Build.0 = Release|Any CPU
		{43C12FE1-7878-43D3-904B-12CBEFD58026}.Release|x86.ActiveCfg = Release|Any CPU
		{43C12FE1-7878-43D3-904B-12CBEFD58026}.Release|x86.Build.0 = Release|Any CPU
		{40A910CA-A22D-4525-9222-F99E5D01CDAA}.Debug|Any CPU.ActiveCfg = Debug|Any CPU
		{40A910CA-A22D-4525-9222-F99E5D01CDAA}.Debug|Any CPU.Build.0 = Debug|Any CPU
		{40A910CA-A22D-4525-9222-F99E5D01CDAA}.Debug|x64.ActiveCfg = Debug|Any CPU
		{40A910CA-A22D-4525-9222-F99E5D01CDAA}.Debug|x64.Build.0 = Debug|Any CPU
		{40A910CA-A22D-4525-9222-F99E5D01CDAA}.Debug|x86.ActiveCfg = Debug|Any CPU
		{40A910CA-A22D-4525-9222-F99E5D01CDAA}.Debug|x86.Build.0 = Debug|Any CPU
		{40A910CA-A22D-4525-9222-F99E5D01CDAA}.Release|Any CPU.ActiveCfg = Release|Any CPU
		{40A910CA-A22D-4525-9222-F99E5D01CDAA}.Release|Any CPU.Build.0 = Release|Any CPU
		{40A910CA-A22D-4525-9222-F99E5D01CDAA}.Release|x64.ActiveCfg = Release|Any CPU
		{40A910CA-A22D-4525-9222-F99E5D01CDAA}.Release|x64.Build.0 = Release|Any CPU
		{40A910CA-A22D-4525-9222-F99E5D01CDAA}.Release|x86.ActiveCfg = Release|Any CPU
		{40A910CA-A22D-4525-9222-F99E5D01CDAA}.Release|x86.Build.0 = Release|Any CPU
		{BD44079B-3505-4763-9227-2095E3F47DA0}.Debug|Any CPU.ActiveCfg = Debug|Any CPU
		{BD44079B-3505-4763-9227-2095E3F47DA0}.Debug|Any CPU.Build.0 = Debug|Any CPU
		{BD44079B-3505-4763-9227-2095E3F47DA0}.Debug|x64.ActiveCfg = Debug|Any CPU
		{BD44079B-3505-4763-9227-2095E3F47DA0}.Debug|x64.Build.0 = Debug|Any CPU
		{BD44079B-3505-4763-9227-2095E3F47DA0}.Debug|x86.ActiveCfg = Debug|Any CPU
		{BD44079B-3505-4763-9227-2095E3F47DA0}.Debug|x86.Build.0 = Debug|Any CPU
		{BD44079B-3505-4763-9227-2095E3F47DA0}.Release|Any CPU.ActiveCfg = Release|Any CPU
		{BD44079B-3505-4763-9227-2095E3F47DA0}.Release|Any CPU.Build.0 = Release|Any CPU
		{BD44079B-3505-4763-9227-2095E3F47DA0}.Release|x64.ActiveCfg = Release|Any CPU
		{BD44079B-3505-4763-9227-2095E3F47DA0}.Release|x64.Build.0 = Release|Any CPU
		{BD44079B-3505-4763-9227-2095E3F47DA0}.Release|x86.ActiveCfg = Release|Any CPU
		{BD44079B-3505-4763-9227-2095E3F47DA0}.Release|x86.Build.0 = Release|Any CPU
	EndGlobalSection
EndGlobal
